#
# This file is autogenerated by pip-compile with Python 3.10
# by the following command:
#
#    pip-compile --generate-hashes --no-emit-index-url --no-emit-trusted-host --output-file=requirements.lock pyproject.toml
#
argon2-cffi==25.1.0 \
    --hash=sha256:694ae5cc8a42f4c4e2bf2ca0e64e51e23a040c6a517a85074683d3959e1346c1 \
    --hash=sha256:fdc8b074db390fccb6eb4a3604ae7231f219aa669a2652e0f20e16ba513d5741
    # via docxtool (pyproject.toml)
argon2-cffi-bindings==25.1.0 \
    --hash=sha256:1db89609c06afa1a214a69a462ea741cf735b29a57530478c06eb81dd403de99 \
    --hash=sha256:1e021e87faa76ae0d413b619fe2b65ab9a037f24c60a1e6cc43457ae20de6dc6 \
    --hash=sha256:21378b40e1b8d1655dd5310c84a40fc19a9aa5e6366e835ceb8576bf0fea716d \
    --hash=sha256:2630b6240b495dfab90aebe159ff784d08ea999aa4b0d17efa734055a07d2f44 \
    --hash=sha256:3c6702abc36bf3ccba3f802b799505def420a1b7039862014a65db3205967f5a \
    --hash=sha256:3d3f05610594151994ca9ccb3c771115bdb4daef161976a266f0dd8aa9996b8f \
    --hash=sha256:473bcb5f82924b1becbb637b63303ec8d10e84c8d241119419897a26116515d2 \
    --hash=sha256:5acb4e41090d53f17ca1110c3427f0a130f944b896fc8c83973219c97f57b690 \
    --hash=sha256:5d588dec224e2a83edbdc785a5e6f3c6cd736f46bfd4b441bbb5aa1f5085e584 \
    --hash=sha256:6dca33a9859abf613e22733131fc9194091c1fa7cb3e131c143056b4856aa47e \
    --hash=sha256:7aef0c91e2c0fbca6fc68e7555aa60ef7008a739cbe045541e438373bc54d2b0 \
    --hash=sha256:84a461d4d84ae1295871329b346a97f68eade8c53b6ed9a7ca2d7467f3c8ff6f \
    --hash=sha256:87c33a52407e4c41f3b70a9c2d3f6056d88b10dad7695be708c5021673f55623 \
    --hash=sha256:8b8efee945193e667a396cbc7b4fb7d357297d6234d30a489905d96caabde56b \
    --hash=sha256:a1c70058c6ab1e352304ac7e3b52554daadacd8d453c1752e547c76e9c99ac44 \
    --hash=sha256:a98cd7d17e9f7ce244c0803cad3c23a7d379c301ba618a5fa76a67d116618b98 \
    --hash=sha256:aecba1723ae35330a008418a91ea6cfcedf6d31e5fbaa056a166462ff066d500 \
    --hash=sha256:b0fdbcf513833809c882823f98dc2f931cf659d9a1429616ac3adebb49f5db94 \
    --hash=sha256:b55aec3565b65f56455eebc9b9f34130440404f27fe21c3b375bf1ea4d8fbae6 \
    --hash=sha256:b957f3e6ea4d55d820e40ff76f450952807013d361a65d7f28acc0acbf29229d \
    --hash=sha256:ba92837e4a9aa6a508c8d2d7883ed5a8f6c308c89a4790e1e447a220deb79a85 \
    --hash=sha256:c4f9665de60b1b0e99bcd6be4f17d90339698ce954cfd8d9cf4f91c995165a92 \
    --hash=sha256:c87b72589133f0346a1cb8d5ecca4b933e3c9b64656c9d175270a000e73b288d \
    --hash=sha256:d3e924cfc503018a714f94a49a149fdc0b644eaead5d1f089330399134fa028a \
    --hash=sha256:da0c79c23a63723aa5d782250fbf51b768abca630285262fb5144ba5ae01e520 \
    --hash=sha256:e2fd3bfbff3c5d74fef31a722f729bf93500910db650c925c2d6ef879a7e51cb
    # via argon2-cffi
cffi==2.1.0 \
    --hash=sha256:02cb7ff33ded4f1532476731f89ede53e2e488a8e6205515a82144246ffa7dcc \
    --hash=sha256:03e9810d18c646077e501f661b682fbf5dee4676048527ca3cffe66faa9960dd \
    --hash=sha256:0520e1f4c35f44e209cbbb421b67eec42e6a157f59444dfb6058874ff3610e5d \
    --hash=sha256:0582a58f3051372229ca8e7f5f589f9e5632678208d8636fea3676711fdf7fe5 \
    --hash=sha256:0611e7ebf90573a535ebdc33ae9da222d037853983e13359f580fab781ca017f \
    --hash=sha256:0a42c688d19fca6e095a53c6a6e2295a5b050a8b289f109adab02a9e61a25de6 \
    --hash=sha256:0a96b74cda968eebbad56d973efe5098974f0a9fb323865bf99ea1fd24e3e64c \
    --hash=sha256:10537b1df4967ca26d21e5072d7d54188354483b91dc75058968d3f0cf13fbda \
    --hash=sha256:11b3fb55f4f8ad92274ed26705f65d8f91457de71f5380061eb6d125a768fecd \
    --hash=sha256:15faec4adfff450819f3aee0e2e02c812de6edb88203aa58807955db2003472a \
    --hash=sha256:164bff1657b2a74f0b6d54e11c9b375bc97b931f2ca9c43fcf875838da1570dd \
    --hash=sha256:1854b724d00f6654c742097d5387569021be12d3a0f770eae1df8f8acfcc6acd \
    --hash=sha256:19c54ac121cad98450b4896fa9a43ee0180d57bc4bc911a33db6cab1efab6cd3 \
    --hash=sha256:1b96bfe2c4bd825681b7d311ad6d9b7280a091f43e8f63da5729638083cd3bfb \
    --hash=sha256:1e9f50d192a3e525b15a75ab5114e442d83d657b7ec29182a991bc9a88fd3a66 \
    --hash=sha256:1ff3456eab0d889592d1936d6125bbfbc7ae4d3354a700f8bd80450a66445d4d \
    --hash=sha256:2282cd5e38aa8accd03e99d1256af8411c84cdbee6a89d841b563fdbd1f3e50f \
    --hash=sha256:276f20fffd7b396e12516ba8edf9509210ac248cbbc5acbc39cd512f9f59ebe6 \
    --hash=sha256:2b71d409cccee78310ab5dec549aed052aaea483346e282c7b02362596e01bb0 \
    --hash=sha256:2e9dabb9abcb7ad15938c7196ad5c1718a4e6d33cc79b4c0209bdb64c4a54a5c \
    --hash=sha256:30b65779d598c370374fefabf138d456fd6f3216bfa7bedfab1ba82025b0cd93 \
    --hash=sha256:33eb1ad83ebe8f313e0df035c406227d55a79456704a863fad9842136af5ad7d \
    --hash=sha256:35aaea0c7ee0e58a5cd8c2fd1a48fdf7ece0d2699b7ecdda08194e9ce5dd9b3d \
    --hash=sha256:3681e031db29958a7502f5c0c9d6bbc4c36cb20f7b104086fa642d1799631ff8 \
    --hash=sha256:379de10ce1ba048b1448599d1b37b24caee16309d1ac98d3982fc997f768700b \
    --hash=sha256:37f525a7e7e50c017fdebe58b787be310ad59357ae43a053943a6e1a6c526001 \
    --hash=sha256:3b926723c13eba9f81d2ef3820d63aeceec3b2d4639906047bf675cb8a7a500d \
    --hash=sha256:3d7f118b5adbfdfead90c25822690b02bc8074fba949bb7858bec4ebd55adb43 \
    --hash=sha256:46b1c8db8f6122420f32d02fffb924c2fe9bc772d228c7c711748fff56aabb2b \
    --hash=sha256:47ff3a8bfd8cb9da1af7524b965127095055654c177fcfc7578debcb015eecd0 \
    --hash=sha256:4d433a51f1870e43a13b6732f92aaf540ff77c2015097c78556f75a2d6c030e0 \
    --hash=sha256:4f26194e3d95e06501b942642855aed4f953d55e95d7d01b7c4483db3ecff458 \
    --hash=sha256:510aeeeac94811b138077451da1fb18b308a5feab47dd2b603af55804155e1c8 \
    --hash=sha256:5972433ad71a9e46516584ef60a0fda12d9dc459938d1539c3ddecf9bdc1368d \
    --hash=sha256:5ecbd0499275d57506d397eebe1981cee87b47fcd9ef5c22cab7ed7644a39a94 \
    --hash=sha256:6274dcb2d15cef48daa73ed1be5a40d501d74dccd0cd6db364776d12cb6ba022 \
    --hash=sha256:63960549e4f8dc41e31accb97b975abaecfc44c03e396c093a6436763c2ea7db \
    --hash=sha256:64c753a0f87a256020004f37a1c8c02c480e725f910f0b2a0f3f07debd1b2479 \
    --hash=sha256:6af371f3767faeffc6ac1ef57cdfd25844403e9d3f476c5537caee499de96376 \
    --hash=sha256:6ca4919c6e4f89aa99c42510b42cf54596892c00b3f9077f6bdd1505e24b9c8d \
    --hash=sha256:6d194185eabd279f1c05ebe3504265ddfc5ad2b58d0714f7db9f01da592e9eb6 \
    --hash=sha256:702c436735fbe99d59ada02a1f65cfc0d31c0ee8b7290912f8fbc5cd1e4b16c3 \
    --hash=sha256:716ff8ec22f20b4d988b12884086bcef0fc99737043e503f7a3935a6be99b1ea \
    --hash=sha256:762f99479dcb369f60ab9017ad4ab97a36a1dd7c1ee5a3b15db0f4b8659120cd \
    --hash=sha256:7762faa47e8ff7eb80bd261d9a7d8eea2d8baa69de5e95b70c1f338bbe712f02 \
    --hash=sha256:78474632761faa0fb96f30b1c928c84ebcf68713cbb80d15bab09dfe61640fde \
    --hash=sha256:799416bae98336e400981ff6e532d67d5c709cfb30afb79865a1315f94b0e224 \
    --hash=sha256:7d034dcffa09e9a46c93fa3a3be402096cb5354ac6e41ab8e5cc9cd8b642ad76 \
    --hash=sha256:7d28dff1db6764108bc30788d85d61c876beff416d9a49cb9dd7c5a9f34f5804 \
    --hash=sha256:7d3538f9c0e50670f4deb93dbb696576e60590369cae2faf7de681e597a8a1f1 \
    --hash=sha256:7d5980a3433d4b71a5e120f9dd551403d7824e31e2e67124fe2769c404c06913 \
    --hash=sha256:7ea6b3e2c4250ff1de21c630fe72d0f63eb95c2c32ffbf64a358cf4a8836d714 \
    --hash=sha256:86cf8755a791f72c85dc287128cc62d4f24d392e3f1e15837245623f4a33cccc \
    --hash=sha256:88023dfe18799507b73f1dbb0d14326a17465de1bc9c9c7655c22845e9ddc3a2 \
    --hash=sha256:89095c1968b4ba8285840e131bf2891b09ae137fe2146905acae0354fbce1b5e \
    --hash=sha256:8d35c139744adb3e727cd51b1a18324bbe44b8bd41bf8322bca4d41289f48eda \
    --hash=sha256:8e74a6135550c4748af665b1b1118b6aab33b1fc6a16f9aff630af107c3b4512 \
    --hash=sha256:8f9ec95b8a043d3dfbc74d9abc6f7baf524dd27a8dc160b0a32ff9cdab650c28 \
    --hash=sha256:90bec57cf82089383bd06a605b3eb8daebf7e5a668520beaf6e327a83a947699 \
    --hash=sha256:95f2954c2c9473d892eca6e0409f3568b37ab62a8eedb122461f73cc273476e3 \
    --hash=sha256:961be50688f7fba2fa65f63712d3b9b341a22311f5253460ce933f52f0de1c8c \
    --hash=sha256:98fff996e983a36d3aa2eca83af40c5821202e7e6f32d13ae94e3d2286f10cfe \
    --hash=sha256:9b8f0f26ca4e7513c534d351eca551947d053fac438f2a04ac96d882909b0d3a \
    --hash=sha256:9d72af0cf10a76a600a9690078fe31c63b9588c8e86bf9fd353f713c84b5db0f \
    --hash=sha256:9d8272c0e483b024e1b9ad029821470ed8ec65631dbd90217469da0e7cd89f1c \
    --hash=sha256:a016194dbe13d14ee9556e734b772d8d67b947092b268d757fd4290e3ba2dfc2 \
    --hash=sha256:a5781494d4d400a3f47f8f1da94b324f6e6b440a53387774002890a2a2f4b50f \
    --hash=sha256:a95b05f9baf29b91171b3a8bd2020b028835243e7b0ff6bb23e2a3c228518b1b \
    --hash=sha256:aa7a1b53a2a4452ada2d1b5dade9960b2522f1e61293a811a077439e39029565 \
    --hash=sha256:ac0f1a2d0cfa7eea3f2aaf006ab6e70e8feeb16b75d65b7e5939982ca2f11056 \
    --hash=sha256:af5e2915d41fe6c961694d7bfdc8562942638200f3ce2765dfb8b745cf997629 \
    --hash=sha256:b6422532152adf4e59b110cb2808cee7a033800952f5c036b4af047ee43199e7 \
    --hash=sha256:b65f590ef2a44640f9a05dbb548a429b4ade77913ce683ac8b1480777658a6c0 \
    --hash=sha256:ba00f661f8ba35d075c937174e27c2c421cec3942fd2e0ea3e66996757c0fdd9 \
    --hash=sha256:bccbbb5ee76a61f9d99b5bf3846a51d7fca4b6a732fe46f89295610edaf41853 \
    --hash=sha256:bf01d8c84cbea96b944c73b22182e6c7c432b3475632b8111dbfdc95ddad6e13 \
    --hash=sha256:bf5c6cf48238b0eb4c086978c492ad1cbc22373fc5b2d7353b3a598ce6db887a \
    --hash=sha256:c16914df9fb7f500e440e6875fa23ff5e0b31db01fa9c06af98d59a91f0dc2e4 \
    --hash=sha256:c351efb95e832a853a29361675f33a7ce53de1a109cd73fd47af0712213aa4ce \
    --hash=sha256:c4165821e131d6d4ca444347c2b694e2311bcfa3fe5a861cc72968f28867beac \
    --hash=sha256:c5f5df567f6eb216de69be06ce55c8b714090fae02b18a3b40da8163b8c5fa9c \
    --hash=sha256:c941bb58d5a6e1c3892d86e42927ed6c180302f07e6d395d08c416e594b98b46 \
    --hash=sha256:c97f080ea627e2863524c5af3836e2270b5f5dfff1f104392b959f8df0c5d384 \
    --hash=sha256:cb96698e3c7413d906ce83f8ffd245ec1bd94707541f299d0ce4d6b0193e982b \
    --hash=sha256:cbb7640ce37159548d2147b5b8c241f962143d4c71231431820783f4dc78f210 \
    --hash=sha256:cdf2448aab5f661c9315308ec8b93f4e8a1a67a3c733f8631067a2b67d5913dc \
    --hash=sha256:d2117334c3af3bdcb9a88522b844a2bdb5efdc4f71c6c822df55486ae1c3347a \
    --hash=sha256:d53d10f7da99ae46f7373b9150393e9c5eab9b224909982b43832668de4779f5 \
    --hash=sha256:d9fafc5aa2e2a39aaf7f8cc0c1f044a9b07fca12e558dca53a3cc5c654ad67a7 \
    --hash=sha256:db3eb7d46527159a878ec3460e9d40615bc25ba337d477db681aea6e4f05c5d2 \
    --hash=sha256:dbf7c7a88e2bac086f06d14577332760bdeecc42bdec8ac4077f6260557d9326 \
    --hash=sha256:df2b82571a1b30f58a87bf4e5a9e78d2b1eff6c6ce8fd3aa3757221f93f0863f \
    --hash=sha256:df92f2aba50eb4d96718b68ef76f2e57a57b54f2fa62333496d16c6d585a85ca \
    --hash=sha256:eb4e8997a49aa2c08a3e43c9045d224448b8941d88e7ac163c7d383e560cbf98 \
    --hash=sha256:efc1cdd798b1aaf39b4610bba7aad28c9bea9b910f25c784ccf9ec1fa719d1f9 \
    --hash=sha256:f146d154428a2523f9cc7936c02353c2459b8f6cf07d3cd1ee1c0a611109c5d5 \
    --hash=sha256:f5bce581e6b8c235e566a14768a943b172ada3ed73537bb0c0be1edee312d4e7 \
    --hash=sha256:f9912624a0c0b834b7520d7769b3644453aabc0a7e1c839da7359f050750e9bc \
    --hash=sha256:fb62edb5bb52cca65fab91a63afa7561607120d26090a7e8fda6fb9f064726da \
    --hash=sha256:ff067a8d8d880e7809e4ac88eb009bb848870115317b306666502ccad30b147f
    # via argon2-cffi-bindings
lxml==6.1.1 \
    --hash=sha256:05a82eb6e1530a64f26225b55cbd178113bd0b5af1c2b625f25e5296742c26d2 \
    --hash=sha256:07a4a68e286ee7a1ed7dfb8af83e615757c0ccfe9f18c6b4ea6771388d9ba8c9 \
    --hash=sha256:09dd5b7075dc2f7709654a46543ba1ea3c2e217b2ed8fbd413a8a945a0f40f60 \
    --hash=sha256:0b7e8a14c8634bf6f7a568634cb395305a6d964aeb5b7ee32248094bed3a7e2c \
    --hash=sha256:104c09bda8d2a562824c0e319d0768ce26a779b7601e0931d33b09b53c392ef7 \
    --hash=sha256:126c93f7f56f0eda92f6d8c619edc463a4f23d9252f1c9d0405a76f25fa9f11a \
    --hash=sha256:162af1091cd785f2f27e62d3547ae9bc58ec5c86dd314d67021fd02463708d83 \
    --hash=sha256:17e0e18d4ad8adbd0399291bc44845b69d9dd68439a3cdebdf35ff902ec05072 \
    --hash=sha256:18b73c339ae29b90fd2d06e58ebd555a751bde9cd6bbd36cc0281b9a2c94e9d8 \
    --hash=sha256:19607c6bbff2a44cf3fe8250abccd20942d3462473e0a721d01d379ed017e462 \
    --hash=sha256:19b7ab10b210b0b3ad7985d9ac4eb66ab09a90b20fe6e2f7ba55d01a234345d0 \
    --hash=sha256:1d4962d4c66bf830a7e59ed6cfc17d148149898a3aefa8ec6e59763e6e3ed085 \
    --hash=sha256:1db753c9115ec7100d073b744d17e25e88a8f90f5c39b2f5dd878149af59671f \
    --hash=sha256:1dde6131244bba38a17c745836ba190bc753fd73c9291666287fd0a3fa3dcf30 \
    --hash=sha256:25c6997a9a534e016695a0ba06b2f07945de682731ff01065b6d5a4474179da1 \
    --hash=sha256:26e6eda8d38c1fcab1090dd196ee87cbd13788e531937610e2589085de074e77 \
    --hash=sha256:27acc820660aaffa4f7c087f29120e12980f7779d56d8492d263170111284740 \
    --hash=sha256:2a0217714657e023ef4293500f65aa20fce6164c8fd6b08fa5bd4a859fb14b9b \
    --hash=sha256:2c8daa471358dc2d6fcf02165e80ec68f77871a286df95bc5cc3816153b0fd2c \
    --hash=sha256:30a89d3ac8faec007453fb541f3f46807eeec88edd5826f6e3fe001752a2c621 \
    --hash=sha256:31033dc34636ea6b7d5cc11b1ddbda78a14de858ba9d3e1ed4b69a3085bc521e \
    --hash=sha256:32ab449a5486f6c758e849bb86710d0e45edc24a04e250c01555f8f5653958f8 \
    --hash=sha256:3483644525531e1d5762b0c44a8e18b6efba321b6dcf8a8952de10b037618bca \
    --hash=sha256:34c2d737beabfe35baada43941ed519251e9a12e779031496bcd5d539fcfd730 \
    --hash=sha256:3779def59032b81e44a5f70096ef6bf2082f8d901937dca354474ba09782e245 \
    --hash=sha256:37a58976370f36d9329d118ad0b953c5aeb9119ac9c6a4e258942a225d0573a1 \
    --hash=sha256:3893c14c4b6ac5b2d54ba8cf03e99fe5104e592de491f19bd6b82756c09f8004 \
    --hash=sha256:3a12689be69a28ddaa0ab99a5a1137da2afd5f8f16df7b5680b66f616d3eda1d \
    --hash=sha256:3ab541146f1f6968c462d6c2ac495148e8cdba2f8347700b2141b6ec5a75bf52 \
    --hash=sha256:3abf332af33a74288675d936fe861fd4344da0dd6622193fbc4f2bfbb35536b5 \
    --hash=sha256:3fd9728a2735fda14f4e8235830c86b539e9661e849665bf926d3f867943b4bf \
    --hash=sha256:424aa57aca0897eb922aef34395bd1289b3b6f04e6bae20ea123c0c7e333cffc \
    --hash=sha256:441dd227fa0690eb9fc81edabc63cdcefc212bba99b906dcf6e32cc1a9d3e533 \
    --hash=sha256:469e3618338bd7ab5beb412d2439825479fcf0dab99e394ca563dbc4eaf6c834 \
    --hash=sha256:47402e62c52ff5988c1e8c6c63177f5708bccf48e366dea4e3dcf1e645e04947 \
    --hash=sha256:4f0dd2f01f9f8a89f565d000e03abcf0a13d692a346c8d22f628d49af098777a \
    --hash=sha256:53b7d2b7a10b1c35c0a5e21e9224accf60c1bbfba523990732e521b2b73adef2 \
    --hash=sha256:53c909b62a0532183542fed00c5a7218258c56292d409bc789886fe1cb04c438 \
    --hash=sha256:54a7f95e4de5fb94e2f9f4b9055c6ba33bf3d628fd77a1d647c5923caa2cdcdc \
    --hash=sha256:556e94a63c9b04716f8e4de2abb65775061f846e89331b6c5be79183a24f98ea \
    --hash=sha256:55b03549819867ea141c0202242c4816c82e52ec36e7e648db9d8da5a3dc3ed6 \
    --hash=sha256:581d4c8ae690a6609e64862dd6b7c2489635c2d13907fc2b20f2bc200ff1d21e \
    --hash=sha256:58bb955caba94e467d2a96da17660d2d704e0675894cba21ab8a775b8621fd1c \
    --hash=sha256:5b7328b46d49fc9477d91ae8f6d55340347d827b7734ba3ea33faae0efef1383 \
    --hash=sha256:5ba186ad207446c65d3bb3d3e0412b032b1d9f595e59861e2354798c5703d955 \
    --hash=sha256:5bec7d03d78d853597d6107854c2310ce3f761fd218fe9fe91d5101fcf6c2efe \
    --hash=sha256:5c6bf403fbb3b3e348a561a5f4f0b9961835657981c802a1df03653eef8a9074 \
    --hash=sha256:5f6994074ebae6ffb04447268e37dc16edc304f9859cf91acb86e0af6c1b395c \
    --hash=sha256:62aeb7e85b5d60320b9d77eef2e773994e2c0ce10121b277e0a19804e1654a5a \
    --hash=sha256:63876be28efefa04a1df615b46770e82042cce445cfdce55160522f57b231ccb \
    --hash=sha256:639f6c857d91d9be29bd7502348d6736dab168b54b5158cd899abf11684dc186 \
    --hash=sha256:640f97d43d867bcb9c75b3af013b64850756b746cb6bce8ace83b70da3abba9d \
    --hash=sha256:649dda677cf3bd6ac9ae14007ba0c824ded8ce5808b53fc7431d9140399118c1 \
    --hash=sha256:6540377fbd53fe1b629172288c464fb18db11ce1fa7dc15891da10aa9dcc3e7f \
    --hash=sha256:6689e828a94eee4f139408c337bb198e014724bb8a8c26d3cfac49d119ed69a6 \
    --hash=sha256:68a9198d0fc122d14bb76837de9aa80cf84caed990b5b237f532ed87d3706736 \
    --hash=sha256:6b1761fbf9ec984e2e9d9c589ef5f5fd684b7c19f92aadd567a26c5224958db6 \
    --hash=sha256:70cdfd80589d59e43e18005dd7244e8895e93db8ab6a620b7e23df5445a4e3d2 \
    --hash=sha256:70ef8a7e102a1508f8121aae5b0867abd663f72c14f0a9c937e6554cb4587b7b \
    --hash=sha256:73bc2086f141224ebddb7fc5c6a36ca58b31b94b561e1dfe8e073e3270fad1e7 \
    --hash=sha256:74a9717fd0d82effef5c2854f0d917231d5324b5a3eb7275c43ac9fa32f97a14 \
    --hash=sha256:752d3bbfe874715ccd0aec7f88d7fc623c0f1fd7aa7b3238a084e017bad2a009 \
    --hash=sha256:762ff394d5bd56da0cf034a23dcce4e13923f15321a2adfa2ac00201dc6d3fca \
    --hash=sha256:76447f65250ed2501ead1a1552f5ce8edff159a86f308348e6a9c4acb5e1f1b4 \
    --hash=sha256:766b010012d59470072c1816b5b6c69f1d243e5db36ea5968e94accf430a4635 \
    --hash=sha256:787b2496d0dbe8cd180984e8d29e3a6f76e7ea34db781cb3bd55e4ba1ef8b4ee \
    --hash=sha256:793033d6c5cdf33a573f910d9bea14ef8f5771820411d118da8e1182edb53d5e \
    --hash=sha256:7d47866cb32fb503450b6edc9df355d10dc49836af2e89901bd6ac6b0896d9d9 \
    --hash=sha256:7f7a92e8583f06b1fd49d01158143b8461cfcd135dcb10ec807270a3051bd603 \
    --hash=sha256:80c2dfadb855da477cf73373ad29a333535dedb9b12bad02c9814c8e2b43bf08 \
    --hash=sha256:83b6b30eb131da7a75b601f28c5d6971e6ed3e887919bf6b6a1ad3c2df289080 \
    --hash=sha256:86281fbdd6a8162756f8d603f37e3435bfa38043adb79c6dc6a2dfee065e7525 \
    --hash=sha256:86c89b9d55ebf820ad7c90bc533410f0d098054f293351f10603c0c46ff598f5 \
    --hash=sha256:876e1ff5930ed8bf295ec5ef9a8155e9b6b1876bbf1deed8b3a8069311875a8f \
    --hash=sha256:88136950da4d13c318bde414ce10219931937851327f44328f2df4d2c4614067 \
    --hash=sha256:88d8cb75b9d82858497a5393e3c63cfbf03035225e4b35a49ed7ccb151e4dc0e \
    --hash=sha256:8be8ad51249698103d24b0571df35a10990fbe93dd043b6c024172189485f5e3 \
    --hash=sha256:8d43ca737b20e106e4aebc42b2f3ae19f00ba63d7eb731698ee083d72d15646f \
    --hash=sha256:8dadbe5b217ff35b6a8d16610dd710219b59b76d13f0e3f0d9f36786206e4485 \
    --hash=sha256:9395002973c827b3ed67db77e6ec09f092919a587022174554096a269378fb13 \
    --hash=sha256:96f2ec43df44b1f76249ee0a615334f9b5b060e1c8bd90e706dad2d14d02f383 \
    --hash=sha256:98fc784c2c1440667aeedf8465bdfe10208acf0ead656a2c68627299f546b315 \
    --hash=sha256:9e36f163528fc50cbef305f02a5fd66d404edf7049cdaff211dbc2cba5a7013e \
    --hash=sha256:9eb9b5a968f6e0f6d640092a567e14529ff8cea2e29d00da6f78a79fa49f013c \
    --hash=sha256:9f76acfb5f68ba982635a53fd985a8044be98a35b43232c2a1ee235ffab3e1dd \
    --hash=sha256:a088f287f7d8275a33c07f2cac6c50b9319309a0200a39e7e75d80c707723099 \
    --hash=sha256:a10bd2fd62e8ce916ececb342f348f190724a098c1faa056fdfb2a22ad5e8660 \
    --hash=sha256:a4bbea04c97f6d78a48e3fbc1cb9116d2780b1b39e03a23f6eb9b603fd61f510 \
    --hash=sha256:aa366a1e55b8ebfe8ca8ddc3cfe75c8ebade181aeb0f661d0cb05986b647f72a \
    --hash=sha256:aa49e06d94aba782c6a02eecb7e507969e7e7a41b267f1b359bb35585f295d5b \
    --hash=sha256:aad9aa39483ed8ec44d6d2e59e5b98a0d80676ef0d92f44bfc374836111f62f5 \
    --hash=sha256:aae97dfdb60715c164419ac2532a76d013c3918a665eb6cb7288098b5f349aaf \
    --hash=sha256:abbefa31eee84842140f67acef1c828e28bba8bbf0c3bc6e5492a9af88152c28 \
    --hash=sha256:ac931cdc9442c1763b8a8f6cd62c0c938737eafc5be75eff88df55fc73bc0d00 \
    --hash=sha256:acd7d70b64c0aae0c7922cca83d288a16f5f6da523637697872253415269baef \
    --hash=sha256:add8cf6ddf9a65116119a28ece0f7886e30af27ba724a7594305f1d1b58a92a1 \
    --hash=sha256:aee395f5d0927f947758b4ec119fd5fc8ec71f07a1c5c52077b30b04c0fa6955 \
    --hash=sha256:b1b963fd8f5caa68e99dfae060d54de1fe9cba899b8718b44a00cdca53c3e590 \
    --hash=sha256:b2d444f2e66624d68e9c6b211e28a76e22fff5fcabcfff4deac18b529b7d4137 \
    --hash=sha256:b8d812c6011c08b8111a15e54dd990b8923692d80adf35488bee34026c35accf \
    --hash=sha256:ba96ae44888e0185281e937633a743ea90d5a196c6000f82565ebb0580012d40 \
    --hash=sha256:bdebcc8a75d38c7598dfb2c9ed852d7a9eb4a10d6e2d0764b919b802bf32ac88 \
    --hash=sha256:c07da4cebf6889f03ebac8d238f62318e29f495de0aa18a51ea14e61ae907e2e \
    --hash=sha256:c08e5c694306507275f2290073350c4f32e383db15213b2c69e7ff39c1193840 \
    --hash=sha256:c4f469aebd783bb741c2ecb2a681008fd26bfe5c16a9a72ed5467f834e810df2 \
    --hash=sha256:c5d7152ec39ca7c402d8fb9bad86140a15b9503bd0c54484e3f1bbe3dd37ceca \
    --hash=sha256:c674693f055fa2495de12292cb45e9944199d8eaef5a2dec45175c7c61cb73e3 \
    --hash=sha256:c6ed5141a5c7507cf3ee76bd363b0d6f801e3321adc35b5d825a23115faa5465 \
    --hash=sha256:c921ba5c51e4e9f63b8b00267d06566e1f63407408a0496da2d1d0bfc819c7fc \
    --hash=sha256:c9a4b821dc7055bf9e05ff5719e18ec501f75c0f0bbfabd573b277559780833d \
    --hash=sha256:c9f79d5325907f13e1be0b3e4dacc1049d1dffc4aeee3c995284bea5fe0fab7d \
    --hash=sha256:cd312b9692e831d2ffcad61eab31d91d4b4655a962e61de8fb410472cbcd37aa \
    --hash=sha256:cea3f4c1af79af13cdb2da0c028111d8f8522d4f22a000c82385535f24e5cf3a \
    --hash=sha256:cecdd5dfdc87b1fd87dbf81d4b037a544f47f4c744200a67013771682d67686a \
    --hash=sha256:cf9d57306d848218f3601fee7601fab1a327c942d56e2e97610583cb4dd74206 \
    --hash=sha256:d34bbf07dbc7ca5970671b1512e928991fb5e9d95365636c9b2d8b4f53af405e \
    --hash=sha256:d49514be2f28d895c38cf9d2b72d7b9a07d00314519f456c0b50b53cfcf4c785 \
    --hash=sha256:d680fbcb768404c601ecb43519ecd8461f6954cb11c06a78962f666832ccfca8 \
    --hash=sha256:db1d75f6617a49c1c01bc7023713e0ff59ab32c9579ae62a7674c0e34f3b0b0a \
    --hash=sha256:dcb292aa7fe485ceff7af4f92e46c5af397daec5dff64871a528f0fc47a3cc5b \
    --hash=sha256:e07c65f443c887bbcf31cc1771d932ecc192a5273943589b3c7572b749f1ffb2 \
    --hash=sha256:e902da4b04e6b52e5893900d4b8ab46068f75f3561f01bf1080957f9fd932ed6 \
    --hash=sha256:e9308ff8241c532df3f3e570f9a5aeed6c853f888512ba4b75638d7c11c95ef6 \
    --hash=sha256:eb7c9811bfaa8b1ed5ed319f5d370dfbcaa59d52ea64be2a5a85e18195930354 \
    --hash=sha256:ebe6af670449830d6d9b752c256a983291c766a1365ba5d5460048f9e33a7818 \
    --hash=sha256:ed21202aec73cda4d55d1ce57b389aadb90ffb044e6cd1080b8347efe1b1ec84 \
    --hash=sha256:efe0374196335f93b53269acd811b944f2e6bdc88e8894f214bd636455484909 \
    --hash=sha256:f64ec5397ea6a41fc1b4af0380d79b44a755b5531dcaccd9940fb260dca93038 \
    --hash=sha256:f6ac4ef4d82dff54670227a69c67782ae0b811b5cf6b17954f1e8f7502fc0d1d \
    --hash=sha256:f6f0ce10945fab9c4c06ce14e22af9059d1a87493a9af4501a5b0b9187e21cf2 \
    --hash=sha256:f8844cd288697c6425c9beba919302241e3278871dc6519515e72b04e987abcf \
    --hash=sha256:fe0306bd29505a9177aac19f1877174b0e7422c222a59f70b2cd41633448c3dc \
    --hash=sha256:ff3f333630ab480244a1bff72043e511a91eb22e7595dead8653ee5612dd8f3d \
    --hash=sha256:ffecec8eb889b58ba9be5b95fb1cc78e22ea8eedea38e8736a1568fe1979250e
    # via python-docx
pycparser==3.0 \
    --hash=sha256:600f49d217304a5902ac3c37e1281c9fe94e4d0489de643a9504c5cdfdfc6b29 \
    --hash=sha256:b727414169a36b7d524c1c3e31839a521725078d7b2ff038656844266160a992
    # via cffi
python-docx==1.2.0 \
    --hash=sha256:3fd478f3250fbbbfd3b94fe1e985955737c145627498896a8a6bf81f4baf66c7 \
    --hash=sha256:7bc9d7b7d8a69c9c02ca09216118c86552704edc23bac179283f2e38f86220ce
    # via docxtool (pyproject.toml)
typing-extensions==4.16.0 \
    --hash=sha256:481caa481374e813c1b176ada14e97f1f67a4539ce9cfeb3f350d78d6370c2e8 \
    --hash=sha256:dc983d19a509c94dba722ee6abd33940f7c05a89e243c47e907eb4db6f1a43e5
    # via python-docx
